
Microsoft Visual Studio Solution File, Format Version 12.00
# Visual Studio Version 17
VisualStudioVersion = 17.8.34322.80
MinimumVisualStudioVersion = 10.0.40219.1
Project("{9A19103F-16F7-4668-BE54-9A1E7A4F7556}") = "BookStore", "BookStore\BookStore.csproj", "{FB75E062-5A9F-46F0-BC19-D5037FA6652E}"
EndProject
Project("{FAE04EC0-301F-11D3-BF4B-00C04F79EFBC}") = "BookStoreRazor_Temp", "BookStoreRazor_Temp\BookStoreRazor_Temp.csproj", "{703E3D01-46D5-46AB-8EA2-E05F23DEA480}"
EndProject
Global
	GlobalSection(SolutionConfigurationPlatforms) = preSolution
		Debug|Any CPU = Debug|Any CPU
		Release|Any CPU = Release|Any CPU
	EndGlobalSection
	GlobalSection(ProjectConfigurationPlatforms) = postSolution
		{FB75E062-5A9F-46F0-BC19-D5037FA6652E}.Debug|Any CPU.ActiveCfg = Debug|Any CPU
		{FB75E062-5A9F-46F0-BC19-D5037FA6652E}.Debug|Any CPU.Build.0 = Debug|Any CPU
		{FB75E062-5A9F-46F0-BC19-D5037FA6652E}.Release|Any CPU.ActiveCfg = Release|Any CPU
		{FB75E062-5A9F-46F0-BC19-D5037FA6652E}.Release|Any CPU.Build.0 = Release|Any CPU
		{703E3D01-46D5-46AB-8EA2-E05F23DEA480}.Debug|Any CPU.ActiveCfg = Debug|Any CPU
		{703E3D01-46D5-46AB-8EA2-E05F23DEA480}.Debug|Any CPU.Build.0 = Debug|Any CPU
		{703E3D01-46D5-46AB-8EA2-E05F23DEA480}.Release|Any CPU.ActiveCfg = Release|Any CPU
		{703E3D01-46D5-46AB-8EA2-E05F23DEA480}.Release|Any CPU.Build.0 = Release|Any CPU
	EndGlobalSection
	GlobalSection(SolutionProperties) = preSolution
		HideSolutionNode = FALSE
	EndGlobalSection
	GlobalSection(ExtensibilityGlobals) = postSolution
		SolutionGuid = {FEAEA720-B959-4DEA-8BBA-89BA6EB8D8A5}
	EndGlobalSection
EndGlobal
